
Microsoft Visual Studio Solution File, Format Version 12.00
# Visual Studio Version 17
VisualStudioVersion = 17.14.36202.13 d17.14
MinimumVisualStudioVersion = 10.0.40219.1
Project("{FAE04EC0-301F-11D3-BF4B-00C04F79EFBC}") = "TaxiSystem.Domain", "TaxiSystem.Domain\TaxiSystem.Domain.csproj", "{94454A80-D969-4766-9308-FDE9300ED369}"
EndProject
Project("{2150E333-8FDC-42A3-9474-1A3956D46DE8}") = "src", "src", "{36D591C7-65C7-A0D1-1CBC-10CDE441BDC8}"
EndProject
Project("{2150E333-8FDC-42A3-9474-1A3956D46DE8}") = "test", "test", "{D1F7EA35-A871-430C-AD72-03A48843F53A}"
EndProject
Project("{FAE04EC0-301F-11D3-BF4B-00C04F79EFBC}") = "TaxiSystem.Domain.Tests", "TaxiSystem.Domain.Test\TaxiSystem.Domain.Tests.csproj", "{52585500-5BFC-48D4-984D-5E397FFF794C}"
EndProject
Global
	GlobalSection(SolutionConfigurationPlatforms) = preSolution
		Debug|Any CPU = Debug|Any CPU
		Release|Any CPU = Release|Any CPU
	EndGlobalSection
	GlobalSection(ProjectConfigurationPlatforms) = postSolution
		{94454A80-D969-4766-9308-FDE9300ED369}.Debug|Any CPU.ActiveCfg = Debug|Any CPU
		{94454A80-D969-4766-9308-FDE9300ED369}.Debug|Any CPU.Build.0 = Debug|Any CPU
		{94454A80-D969-4766-9308-FDE9300ED369}.Release|Any CPU.ActiveCfg = Release|Any CPU
		{94454A80-D969-4766-9308-FDE9300ED369}.Release|Any CPU.Build.0 = Release|Any CPU
		{52585500-5BFC-48D4-984D-5E397FFF794C}.Debug|Any CPU.ActiveCfg = Debug|Any CPU
		{52585500-5BFC-48D4-984D-5E397FFF794C}.Debug|Any CPU.Build.0 = Debug|Any CPU
		{52585500-5BFC-48D4-984D-5E397FFF794C}.Release|Any CPU.ActiveCfg = Release|Any CPU
		{52585500-5BFC-48D4-984D-5E397FFF794C}.Release|Any CPU.Build.0 = Release|Any CPU
	EndGlobalSection
	GlobalSection(SolutionProperties) = preSolution
		HideSolutionNode = FALSE
	EndGlobalSection
	GlobalSection(NestedProjects) = preSolution
		{94454A80-D969-4766-9308-FDE9300ED369} = {36D591C7-65C7-A0D1-1CBC-10CDE441BDC8}
		{52585500-5BFC-48D4-984D-5E397FFF794C} = {D1F7EA35-A871-430C-AD72-03A48843F53A}
	EndGlobalSection
	GlobalSection(ExtensibilityGlobals) = postSolution
		SolutionGuid = {D6AE94B1-A658-4388-9900-CF410E64841A}
	EndGlobalSection
EndGlobal
